{
  "name": "flexmonster_pivot",
  "version": "1.0.12",
  "lockfileVersion": 1,
  "requires": true,
  "dependencies": {
    "flexmonster": {
      "version": "2.7.14",
      "resolved": "https://registry.npmjs.org/flexmonster/-/flexmonster-2.7.14.tgz",
      "integrity": "sha512-CucFnA1ymbqYbStsWRiZ6Kag0zn5vKzClfdbRK4Rfyt9Ejw1eiZK5NaZue6ltQJGjaxu/mLsbIONk+0YfyU8CA=="
    }
  }
}
